
Microsoft Visual Studio Solution File, Format Version 12.00
# Visual Studio 15
VisualStudioVersion = 15.0.27428.2043
MinimumVisualStudioVersion = 10.0.40219.1
Project("{FAE04EC0-301F-11D3-BF4B-00C04F79EFBC}") = "数据抓取", "数据抓取\数据抓取.csproj", "{147E9A34-0FEC-4B35-A685-06EDE8D4D916}"
EndProject
Project("{FAE04EC0-301F-11D3-BF4B-00C04F79EFBC}") = "根据sku抓取数据", "根据sku抓取数据\根据sku抓取数据.csproj", "{6239564A-BE78-4C45-AAB4-77708245DB56}"
EndProject
Project("{FAE04EC0-301F-11D3-BF4B-00C04F79EFBC}") = "产品筛选", "产品筛选\产品筛选.csproj", "{657388F7-14D5-4471-971A-4BF8738847D1}"
EndProject
Project("{FAE04EC0-301F-11D3-BF4B-00C04F79EFBC}") = "Exportdataprocessing", "Exportdataprocessing\Exportdataprocessing.csproj", "{5D2B6C79-B5AE-4BD7-8631-7A0D1563C21D}"
EndProject
Global
	GlobalSection(SolutionConfigurationPlatforms) = preSolution
		Debug|Any CPU = Debug|Any CPU
		Debug|x64 = Debug|x64
		Debug|x86 = Debug|x86
		Release|Any CPU = Release|Any CPU
		Release|x64 = Release|x64
		Release|x86 = Release|x86
	EndGlobalSection
	GlobalSection(ProjectConfigurationPlatforms) = postSolution
		{147E9A34-0FEC-4B35-A685-06EDE8D4D916}.Debug|Any CPU.ActiveCfg = Debug|Any CPU
		{147E9A34-0FEC-4B35-A685-06EDE8D4D916}.Debug|Any CPU.Build.0 = Debug|Any CPU
		{147E9A34-0FEC-4B35-A685-06EDE8D4D916}.Debug|x64.ActiveCfg = Debug|x64
		{147E9A34-0FEC-4B35-A685-06EDE8D4D916}.Debug|x64.Build.0 = Debug|x64
		{147E9A34-0FEC-4B35-A685-06EDE8D4D916}.Debug|x86.ActiveCfg = Debug|x86
		{147E9A34-0FEC-4B35-A685-06EDE8D4D916}.Debug|x86.Build.0 = Debug|x86
		{147E9A34-0FEC-4B35-A685-06EDE8D4D916}.Release|Any CPU.ActiveCfg = Release|Any CPU
		{147E9A34-0FEC-4B35-A685-06EDE8D4D916}.Release|Any CPU.Build.0 = Release|Any CPU
		{147E9A34-0FEC-4B35-A685-06EDE8D4D916}.Release|x64.ActiveCfg = Release|x64
		{147E9A34-0FEC-4B35-A685-06EDE8D4D916}.Release|x64.Build.0 = Release|x64
		{147E9A34-0FEC-4B35-A685-06EDE8D4D916}.Release|x86.ActiveCfg = Release|x86
		{147E9A34-0FEC-4B35-A685-06EDE8D4D916}.Release|x86.Build.0 = Release|x86
		{6239564A-BE78-4C45-AAB4-77708245DB56}.Debug|Any CPU.ActiveCfg = Debug|Any CPU
		{6239564A-BE78-4C45-AAB4-77708245DB56}.Debug|Any CPU.Build.0 = Debug|Any CPU
		{6239564A-BE78-4C45-AAB4-77708245DB56}.Debug|x64.ActiveCfg = Debug|Any CPU
		{6239564A-BE78-4C45-AAB4-77708245DB56}.Debug|x64.Build.0 = Debug|Any CPU
		{6239564A-BE78-4C45-AAB4-77708245DB56}.Debug|x86.ActiveCfg = Debug|Any CPU
		{6239564A-BE78-4C45-AAB4-77708245DB56}.Debug|x86.Build.0 = Debug|Any CPU
		{6239564A-BE78-4C45-AAB4-77708245DB56}.Release|Any CPU.ActiveCfg = Release|Any CPU
		{6239564A-BE78-4C45-AAB4-77708245DB56}.Release|Any CPU.Build.0 = Release|Any CPU
		{6239564A-BE78-4C45-AAB4-77708245DB56}.Release|x64.ActiveCfg = Release|Any CPU
		{6239564A-BE78-4C45-AAB4-77708245DB56}.Release|x64.Build.0 = Release|Any CPU
		{6239564A-BE78-4C45-AAB4-77708245DB56}.Release|x86.ActiveCfg = Release|Any CPU
		{6239564A-BE78-4C45-AAB4-77708245DB56}.Release|x86.Build.0 = Release|Any CPU
		{657388F7-14D5-4471-971A-4BF8738847D1}.Debug|Any CPU.ActiveCfg = Debug|Any CPU
		{657388F7-14D5-4471-971A-4BF8738847D1}.Debug|Any CPU.Build.0 = Debug|Any CPU
		{657388F7-14D5-4471-971A-4BF8738847D1}.Debug|x64.ActiveCfg = Debug|Any CPU
		{657388F7-14D5-4471-971A-4BF8738847D1}.Debug|x64.Build.0 = Debug|Any CPU
		{657388F7-14D5-4471-971A-4BF8738847D1}.Debug|x86.ActiveCfg = Debug|Any CPU
		{657388F7-14D5-4471-971A-4BF8738847D1}.Debug|x86.Build.0 = Debug|Any CPU
		{657388F7-14D5-4471-971A-4BF8738847D1}.Release|Any CPU.ActiveCfg = Release|Any CPU
		{657388F7-14D5-4471-971A-4BF8738847D1}.Release|Any CPU.Build.0 = Release|Any CPU
		{657388F7-14D5-4471-971A-4BF8738847D1}.Release|x64.ActiveCfg = Release|Any CPU
		{657388F7-14D5-4471-971A-4BF8738847D1}.Release|x64.Build.0 = Release|Any CPU
		{657388F7-14D5-4471-971A-4BF8738847D1}.Release|x86.ActiveCfg = Release|Any CPU
		{657388F7-14D5-4471-971A-4BF8738847D1}.Release|x86.Build.0 = Release|Any CPU
		{5D2B6C79-B5AE-4BD7-8631-7A0D1563C21D}.Debug|Any CPU.ActiveCfg = Debug|Any CPU
		{5D2B6C79-B5AE-4BD7-8631-7A0D1563C21D}.Debug|Any CPU.Build.0 = Debug|Any CPU
		{5D2B6C79-B5AE-4BD7-8631-7A0D1563C21D}.Debug|x64.ActiveCfg = Debug|Any CPU
		{5D2B6C79-B5AE-4BD7-8631-7A0D1563C21D}.Debug|x64.Build.0 = Debug|Any CPU
		{5D2B6C79-B5AE-4BD7-8631-7A0D1563C21D}.Debug|x86.ActiveCfg = Debug|Any CPU
		{5D2B6C79-B5AE-4BD7-8631-7A0D1563C21D}.Debug|x86.Build.0 = Debug|Any CPU
		{5D2B6C79-B5AE-4BD7-8631-7A0D1563C21D}.Release|Any CPU.ActiveCfg = Release|Any CPU
		{5D2B6C79-B5AE-4BD7-8631-7A0D1563C21D}.Release|Any CPU.Build.0 = Release|Any CPU
		{5D2B6C79-B5AE-4BD7-8631-7A0D1563C21D}.Release|x64.ActiveCfg = Release|Any CPU
		{5D2B6C79-B5AE-4BD7-8631-7A0D1563C21D}.Release|x64.Build.0 = Release|Any CPU
		{5D2B6C79-B5AE-4BD7-8631-7A0D1563C21D}.Release|x86.ActiveCfg = Release|Any CPU
		{5D2B6C79-B5AE-4BD7-8631-7A0D1563C21D}.Release|x86.Build.0 = Release|Any CPU
	EndGlobalSection
	GlobalSection(SolutionProperties) = preSolution
		HideSolutionNode = FALSE
	EndGlobalSection
	GlobalSection(ExtensibilityGlobals) = postSolution
		SolutionGuid = {049AE0E2-52E1-4EFF-95AC-1E2538D55C97}
	EndGlobalSection
EndGlobal
